
Microsoft Visual Studio Solution File, Format Version 12.00
# Visual Studio Version 16
VisualStudioVersion = 16.0.30330.147
MinimumVisualStudioVersion = 10.0.40219.1
Project("{FAE04EC0-301F-11D3-BF4B-00C04F79EFBC}") = "PizzaCat.API", "PizzaCat.API\PizzaCat.API.csproj", "{7017E370-0937-458D-9540-120F60307763}"
EndProject
Project("{FAE04EC0-301F-11D3-BF4B-00C04F79EFBC}") = "Pizza.DAL.Interface", "Pizza.DAL.Interface\Pizza.DAL.Interface.csproj", "{4DB96580-3012-436F-97F3-DED7142F70BF}"
EndProject
Project("{FAE04EC0-301F-11D3-BF4B-00C04F79EFBC}") = "Pizza.DAL.Implement", "Pizza.DAL.Implement\Pizza.DAL.Implement.csproj", "{AACD93A6-0557-4FD0-BD7C-6FBE60A2B5D2}"
EndProject
Project("{FAE04EC0-301F-11D3-BF4B-00C04F79EFBC}") = "Pizza.BAL.Interface", "Pizza.BAL.Interface\Pizza.BAL.Interface.csproj", "{D848AEAE-68F0-4F2B-BE5A-347D22F8ED84}"
EndProject
Project("{FAE04EC0-301F-11D3-BF4B-00C04F79EFBC}") = "Pizza.BAL.Implement", "Pizza.BAL.Emplement\Pizza.BAL.Implement.csproj", "{64CF1028-3C71-4E51-8B18-5AC6227AD10F}"
EndProject
Project("{FAE04EC0-301F-11D3-BF4B-00C04F79EFBC}") = "Pizza.Domain", "Pizza.Domain\Pizza.Domain.csproj", "{DB595713-7D6E-489B-92A2-02DAD360C5A7}"
EndProject
Global
	GlobalSection(SolutionConfigurationPlatforms) = preSolution
		Debug|Any CPU = Debug|Any CPU
		Release|Any CPU = Release|Any CPU
	EndGlobalSection
	GlobalSection(ProjectConfigurationPlatforms) = postSolution
		{7017E370-0937-458D-9540-120F60307763}.Debug|Any CPU.ActiveCfg = Debug|Any CPU
		{7017E370-0937-458D-9540-120F60307763}.Debug|Any CPU.Build.0 = Debug|Any CPU
		{7017E370-0937-458D-9540-120F60307763}.Release|Any CPU.ActiveCfg = Release|Any CPU
		{7017E370-0937-458D-9540-120F60307763}.Release|Any CPU.Build.0 = Release|Any CPU
		{4DB96580-3012-436F-97F3-DED7142F70BF}.Debug|Any CPU.ActiveCfg = Debug|Any CPU
		{4DB96580-3012-436F-97F3-DED7142F70BF}.Debug|Any CPU.Build.0 = Debug|Any CPU
		{4DB96580-3012-436F-97F3-DED7142F70BF}.Release|Any CPU.ActiveCfg = Release|Any CPU
		{4DB96580-3012-436F-97F3-DED7142F70BF}.Release|Any CPU.Build.0 = Release|Any CPU
		{AACD93A6-0557-4FD0-BD7C-6FBE60A2B5D2}.Debug|Any CPU.ActiveCfg = Debug|Any CPU
		{AACD93A6-0557-4FD0-BD7C-6FBE60A2B5D2}.Debug|Any CPU.Build.0 = Debug|Any CPU
		{AACD93A6-0557-4FD0-BD7C-6FBE60A2B5D2}.Release|Any CPU.ActiveCfg = Release|Any CPU
		{AACD93A6-0557-4FD0-BD7C-6FBE60A2B5D2}.Release|Any CPU.Build.0 = Release|Any CPU
		{D848AEAE-68F0-4F2B-BE5A-347D22F8ED84}.Debug|Any CPU.ActiveCfg = Debug|Any CPU
		{D848AEAE-68F0-4F2B-BE5A-347D22F8ED84}.Debug|Any CPU.Build.0 = Debug|Any CPU
		{D848AEAE-68F0-4F2B-BE5A-347D22F8ED84}.Release|Any CPU.ActiveCfg = Release|Any CPU
		{D848AEAE-68F0-4F2B-BE5A-347D22F8ED84}.Release|Any CPU.Build.0 = Release|Any CPU
		{64CF1028-3C71-4E51-8B18-5AC6227AD10F}.Debug|Any CPU.ActiveCfg = Debug|Any CPU
		{64CF1028-3C71-4E51-8B18-5AC6227AD10F}.Debug|Any CPU.Build.0 = Debug|Any CPU
		{64CF1028-3C71-4E51-8B18-5AC6227AD10F}.Release|Any CPU.ActiveCfg = Release|Any CPU
		{64CF1028-3C71-4E51-8B18-5AC6227AD10F}.Release|Any CPU.Build.0 = Release|Any CPU
		{DB595713-7D6E-489B-92A2-02DAD360C5A7}.Debug|Any CPU.ActiveCfg = Debug|Any CPU
		{DB595713-7D6E-489B-92A2-02DAD360C5A7}.Debug|Any CPU.Build.0 = Debug|Any CPU
		{DB595713-7D6E-489B-92A2-02DAD360C5A7}.Release|Any CPU.ActiveCfg = Release|Any CPU
		{DB595713-7D6E-489B-92A2-02DAD360C5A7}.Release|Any CPU.Build.0 = Release|Any CPU
	EndGlobalSection
	GlobalSection(SolutionProperties) = preSolution
		HideSolutionNode = FALSE
	EndGlobalSection
	GlobalSection(ExtensibilityGlobals) = postSolution
		SolutionGuid = {B0A96B0E-141D-4A83-9F75-601A37E4378E}
	EndGlobalSection
EndGlobal
